
Microsoft Visual Studio Solution File, Format Version 12.00
# Visual Studio 2012
Project("{FAE04EC0-301F-11D3-BF4B-00C04F79EFBC}") = "6.03 InsertNumberOfLines", "6.03 InsertNumberOfLines\6.03 InsertNumberOfLines.csproj", "{2EF284C3-E6D1-4EF2-AC09-EB7F045D6263}"
EndProject
Global
	GlobalSection(SolutionConfigurationPlatforms) = preSolution
		Debug|Any CPU = Debug|Any CPU
		Release|Any CPU = Release|Any CPU
	EndGlobalSection
	GlobalSection(ProjectConfigurationPlatforms) = postSolution
		{2EF284C3-E6D1-4EF2-AC09-EB7F045D6263}.Debug|Any CPU.ActiveCfg = Debug|Any CPU
		{2EF284C3-E6D1-4EF2-AC09-EB7F045D6263}.Debug|Any CPU.Build.0 = Debug|Any CPU
		{2EF284C3-E6D1-4EF2-AC09-EB7F045D6263}.Release|Any CPU.ActiveCfg = Release|Any CPU
		{2EF284C3-E6D1-4EF2-AC09-EB7F045D6263}.Release|Any CPU.Build.0 = Release|Any CPU
	EndGlobalSection
	GlobalSection(SolutionProperties) = preSolution
		HideSolutionNode = FALSE
	EndGlobalSection
EndGlobal
