
Microsoft Visual Studio Solution File, Format Version 12.00
# Visual Studio 2012
Project("{FAE04EC0-301F-11D3-BF4B-00C04F79EFBC}") = "3.14 SequenceProcesses", "3.14 SequenceProcesses\3.14 SequenceProcesses.csproj", "{7B9125DA-8CE4-42CC-A1A3-92C83567325A}"
EndProject
Global
	GlobalSection(SolutionConfigurationPlatforms) = preSolution
		Debug|Any CPU = Debug|Any CPU
		Release|Any CPU = Release|Any CPU
	EndGlobalSection
	GlobalSection(ProjectConfigurationPlatforms) = postSolution
		{7B9125DA-8CE4-42CC-A1A3-92C83567325A}.Debug|Any CPU.ActiveCfg = Debug|Any CPU
		{7B9125DA-8CE4-42CC-A1A3-92C83567325A}.Debug|Any CPU.Build.0 = Debug|Any CPU
		{7B9125DA-8CE4-42CC-A1A3-92C83567325A}.Release|Any CPU.ActiveCfg = Release|Any CPU
		{7B9125DA-8CE4-42CC-A1A3-92C83567325A}.Release|Any CPU.Build.0 = Release|Any CPU
	EndGlobalSection
	GlobalSection(SolutionProperties) = preSolution
		HideSolutionNode = FALSE
	EndGlobalSection
EndGlobal
