
Microsoft Visual Studio Solution File, Format Version 12.00
# Visual Studio 2012
Project("{FAE04EC0-301F-11D3-BF4B-00C04F79EFBC}") = "6.02 ConcatenateTwoFiles", "6.02 ConcatenateTwoFiles\6.02 ConcatenateTwoFiles.csproj", "{D211A17C-3918-452A-B9DE-BA13642449A6}"
EndProject
Global
	GlobalSection(SolutionConfigurationPlatforms) = preSolution
		Debug|Any CPU = Debug|Any CPU
		Release|Any CPU = Release|Any CPU
	EndGlobalSection
	GlobalSection(ProjectConfigurationPlatforms) = postSolution
		{D211A17C-3918-452A-B9DE-BA13642449A6}.Debug|Any CPU.ActiveCfg = Debug|Any CPU
		{D211A17C-3918-452A-B9DE-BA13642449A6}.Debug|Any CPU.Build.0 = Debug|Any CPU
		{D211A17C-3918-452A-B9DE-BA13642449A6}.Release|Any CPU.ActiveCfg = Release|Any CPU
		{D211A17C-3918-452A-B9DE-BA13642449A6}.Release|Any CPU.Build.0 = Release|Any CPU
	EndGlobalSection
	GlobalSection(SolutionProperties) = preSolution
		HideSolutionNode = FALSE
	EndGlobalSection
EndGlobal
