
Microsoft Visual Studio Solution File, Format Version 12.00
# Visual Studio 2012
Project("{FAE04EC0-301F-11D3-BF4B-00C04F79EFBC}") = "2.03 SequenceInMatrix", "2.03 SequenceInMatrix\2.03 SequenceInMatrix.csproj", "{BD2FD38F-340B-4861-AEE6-C0B092CE0611}"
EndProject
Global
	GlobalSection(SolutionConfigurationPlatforms) = preSolution
		Debug|Any CPU = Debug|Any CPU
		Release|Any CPU = Release|Any CPU
	EndGlobalSection
	GlobalSection(ProjectConfigurationPlatforms) = postSolution
		{BD2FD38F-340B-4861-AEE6-C0B092CE0611}.Debug|Any CPU.ActiveCfg = Debug|Any CPU
		{BD2FD38F-340B-4861-AEE6-C0B092CE0611}.Debug|Any CPU.Build.0 = Debug|Any CPU
		{BD2FD38F-340B-4861-AEE6-C0B092CE0611}.Release|Any CPU.ActiveCfg = Release|Any CPU
		{BD2FD38F-340B-4861-AEE6-C0B092CE0611}.Release|Any CPU.Build.0 = Release|Any CPU
	EndGlobalSection
	GlobalSection(SolutionProperties) = preSolution
		HideSolutionNode = FALSE
	EndGlobalSection
EndGlobal
