
Microsoft Visual Studio Solution File, Format Version 12.00
# Visual Studio 2012
Project("{FAE04EC0-301F-11D3-BF4B-00C04F79EFBC}") = "3.03 LastNumber", "3.03 WastNumber\3.03 LastNumber.csproj", "{D83A9E78-EAE3-490B-805E-8C70B4BA6D7F}"
EndProject
Global
	GlobalSection(SolutionConfigurationPlatforms) = preSolution
		Debug|Any CPU = Debug|Any CPU
		Release|Any CPU = Release|Any CPU
	EndGlobalSection
	GlobalSection(ProjectConfigurationPlatforms) = postSolution
		{D83A9E78-EAE3-490B-805E-8C70B4BA6D7F}.Debug|Any CPU.ActiveCfg = Debug|Any CPU
		{D83A9E78-EAE3-490B-805E-8C70B4BA6D7F}.Debug|Any CPU.Build.0 = Debug|Any CPU
		{D83A9E78-EAE3-490B-805E-8C70B4BA6D7F}.Release|Any CPU.ActiveCfg = Release|Any CPU
		{D83A9E78-EAE3-490B-805E-8C70B4BA6D7F}.Release|Any CPU.Build.0 = Release|Any CPU
	EndGlobalSection
	GlobalSection(SolutionProperties) = preSolution
		HideSolutionNode = FALSE
	EndGlobalSection
EndGlobal
