
Microsoft Visual Studio Solution File, Format Version 12.00
# Visual Studio 2012
Project("{FAE04EC0-301F-11D3-BF4B-00C04F79EFBC}") = "3.04 NumberInArray", "3.04 NumberInArray\3.04 NumberInArray.csproj", "{9B9B604A-F38C-404F-9AF6-9886EAE5D63C}"
EndProject
Global
	GlobalSection(SolutionConfigurationPlatforms) = preSolution
		Debug|Any CPU = Debug|Any CPU
		Release|Any CPU = Release|Any CPU
	EndGlobalSection
	GlobalSection(ProjectConfigurationPlatforms) = postSolution
		{9B9B604A-F38C-404F-9AF6-9886EAE5D63C}.Debug|Any CPU.ActiveCfg = Debug|Any CPU
		{9B9B604A-F38C-404F-9AF6-9886EAE5D63C}.Debug|Any CPU.Build.0 = Debug|Any CPU
		{9B9B604A-F38C-404F-9AF6-9886EAE5D63C}.Release|Any CPU.ActiveCfg = Release|Any CPU
		{9B9B604A-F38C-404F-9AF6-9886EAE5D63C}.Release|Any CPU.Build.0 = Release|Any CPU
	EndGlobalSection
	GlobalSection(SolutionProperties) = preSolution
		HideSolutionNode = FALSE
	EndGlobalSection
EndGlobal
