
Microsoft Visual Studio Solution File, Format Version 12.00
# Visual Studio 2012
Project("{FAE04EC0-301F-11D3-BF4B-00C04F79EFBC}") = "6.09 DeleteAllOddLines", "6.09 DeleteAllOddLines\6.09 DeleteAllOddLines.csproj", "{E003DAB8-863C-432C-8DB9-70DDCD7D7FD6}"
EndProject
Global
	GlobalSection(SolutionConfigurationPlatforms) = preSolution
		Debug|Any CPU = Debug|Any CPU
		Release|Any CPU = Release|Any CPU
	EndGlobalSection
	GlobalSection(ProjectConfigurationPlatforms) = postSolution
		{E003DAB8-863C-432C-8DB9-70DDCD7D7FD6}.Debug|Any CPU.ActiveCfg = Debug|Any CPU
		{E003DAB8-863C-432C-8DB9-70DDCD7D7FD6}.Debug|Any CPU.Build.0 = Debug|Any CPU
		{E003DAB8-863C-432C-8DB9-70DDCD7D7FD6}.Release|Any CPU.ActiveCfg = Release|Any CPU
		{E003DAB8-863C-432C-8DB9-70DDCD7D7FD6}.Release|Any CPU.Build.0 = Release|Any CPU
	EndGlobalSection
	GlobalSection(SolutionProperties) = preSolution
		HideSolutionNode = FALSE
	EndGlobalSection
EndGlobal
