
Microsoft Visual Studio Solution File, Format Version 12.00
# Visual Studio 2012
Project("{FAE04EC0-301F-11D3-BF4B-00C04F79EFBC}") = "CompareTwoCharsLexicographically", "CompareTwoCharsLexicographically\CompareTwoCharsLexicographically.csproj", "{DB10D712-FD45-4A4B-94EB-D0D8D4B216DF}"
EndProject
Global
	GlobalSection(SolutionConfigurationPlatforms) = preSolution
		Debug|Any CPU = Debug|Any CPU
		Release|Any CPU = Release|Any CPU
	EndGlobalSection
	GlobalSection(ProjectConfigurationPlatforms) = postSolution
		{DB10D712-FD45-4A4B-94EB-D0D8D4B216DF}.Debug|Any CPU.ActiveCfg = Debug|Any CPU
		{DB10D712-FD45-4A4B-94EB-D0D8D4B216DF}.Debug|Any CPU.Build.0 = Debug|Any CPU
		{DB10D712-FD45-4A4B-94EB-D0D8D4B216DF}.Release|Any CPU.ActiveCfg = Release|Any CPU
		{DB10D712-FD45-4A4B-94EB-D0D8D4B216DF}.Release|Any CPU.Build.0 = Release|Any CPU
	EndGlobalSection
	GlobalSection(SolutionProperties) = preSolution
		HideSolutionNode = FALSE
	EndGlobalSection
EndGlobal
