
Microsoft Visual Studio Solution File, Format Version 12.00
# Visual Studio 2012
Project("{FAE04EC0-301F-11D3-BF4B-00C04F79EFBC}") = "4.09 FloatRepresentation", "4.09 FloatRepresentation\4.09 FloatRepresentation.csproj", "{94BF8C9D-2E1F-4E06-96A0-F7573928CB25}"
EndProject
Global
	GlobalSection(SolutionConfigurationPlatforms) = preSolution
		Debug|Any CPU = Debug|Any CPU
		Release|Any CPU = Release|Any CPU
	EndGlobalSection
	GlobalSection(ProjectConfigurationPlatforms) = postSolution
		{94BF8C9D-2E1F-4E06-96A0-F7573928CB25}.Debug|Any CPU.ActiveCfg = Debug|Any CPU
		{94BF8C9D-2E1F-4E06-96A0-F7573928CB25}.Debug|Any CPU.Build.0 = Debug|Any CPU
		{94BF8C9D-2E1F-4E06-96A0-F7573928CB25}.Release|Any CPU.ActiveCfg = Release|Any CPU
		{94BF8C9D-2E1F-4E06-96A0-F7573928CB25}.Release|Any CPU.Build.0 = Release|Any CPU
	EndGlobalSection
	GlobalSection(SolutionProperties) = preSolution
		HideSolutionNode = FALSE
	EndGlobalSection
EndGlobal
