
Microsoft Visual Studio Solution File, Format Version 12.00
# Visual Studio 2012
Project("{FAE04EC0-301F-11D3-BF4B-00C04F79EFBC}") = "20 AllVariationsKElementsNArray", "20 AllVariationsKElementsNArray\20 AllVariationsKElementsNArray.csproj", "{4381E32E-DC18-467D-ADAF-279B14731177}"
EndProject
Global
	GlobalSection(SolutionConfigurationPlatforms) = preSolution
		Debug|Any CPU = Debug|Any CPU
		Release|Any CPU = Release|Any CPU
	EndGlobalSection
	GlobalSection(ProjectConfigurationPlatforms) = postSolution
		{4381E32E-DC18-467D-ADAF-279B14731177}.Debug|Any CPU.ActiveCfg = Debug|Any CPU
		{4381E32E-DC18-467D-ADAF-279B14731177}.Debug|Any CPU.Build.0 = Debug|Any CPU
		{4381E32E-DC18-467D-ADAF-279B14731177}.Release|Any CPU.ActiveCfg = Release|Any CPU
		{4381E32E-DC18-467D-ADAF-279B14731177}.Release|Any CPU.Build.0 = Release|Any CPU
	EndGlobalSection
	GlobalSection(SolutionProperties) = preSolution
		HideSolutionNode = FALSE
	EndGlobalSection
EndGlobal
